
Microsoft Visual Studio Solution File, Format Version 12.00
# Visual Studio 2012
Project("{FAE04EC0-301F-11D3-BF4B-00C04F79EFBC}") = "InLocoMediaAndroidSdk", "InLocoMediaAndroidSdk\InLocoMediaAndroidSdk.csproj", "{8D15AFD5-C63F-4CAF-9997-E5BB6029465A}"
EndProject
Global
	GlobalSection(SolutionConfigurationPlatforms) = preSolution
		Debug|Any CPU = Debug|Any CPU
		Release|Any CPU = Release|Any CPU
	EndGlobalSection
	GlobalSection(ProjectConfigurationPlatforms) = postSolution
		{8D15AFD5-C63F-4CAF-9997-E5BB6029465A}.Debug|Any CPU.ActiveCfg = Debug|Any CPU
		{8D15AFD5-C63F-4CAF-9997-E5BB6029465A}.Debug|Any CPU.Build.0 = Debug|Any CPU
		{8D15AFD5-C63F-4CAF-9997-E5BB6029465A}.Release|Any CPU.ActiveCfg = Release|Any CPU
		{8D15AFD5-C63F-4CAF-9997-E5BB6029465A}.Release|Any CPU.Build.0 = Release|Any CPU
	EndGlobalSection
EndGlobal
